# THIS IS AN AUTOGENERATED FILE. DO NOT EDIT THIS FILE DIRECTLY.
# yarn lockfile v1


"@prisma/client@^2.17.0":
  version "2.17.0"
  resolved "https://registry.yarnpkg.com/@prisma/client/-/client-2.17.0.tgz#e38462796c2e824504763416f5e3a7219d70652d"
  integrity sha512-tzsBxtx9J1epOGCiBeXur1tEz81UIdWg2G/HpDmflXKcv/MJb+KCWSKSsEW49eXcvVwRgxNyxLoCO6CwvjQKcg==
  dependencies:
    "@prisma/engines-version" "2.17.0-35.3c463ebd78b1d21d8fdacdd27899e280cf686223"

"@prisma/engines-version@2.17.0-35.3c463ebd78b1d21d8fdacdd27899e280cf686223":
  version "2.17.0-35.3c463ebd78b1d21d8fdacdd27899e280cf686223"
  resolved "https://registry.yarnpkg.com/@prisma/engines-version/-/engines-version-2.17.0-35.3c463ebd78b1d21d8fdacdd27899e280cf686223.tgz#9ae6ed4467a0febff8afaf216c1bb67225f51b84"
  integrity sha512-9idv5blqPUlvUPVT48eVi3T0RS/NBklUcjrla3jWyV8AYfB2BdaG/Zci7H5ajyYLnfZZHG9tBpP0LcveQCFH8A==

"@prisma/engines@2.17.0-35.3c463ebd78b1d21d8fdacdd27899e280cf686223":
  version "2.17.0-35.3c463ebd78b1d21d8fdacdd27899e280cf686223"
  resolved "https://registry.yarnpkg.com/@prisma/engines/-/engines-2.17.0-35.3c463ebd78b1d21d8fdacdd27899e280cf686223.tgz#08bc3633fd27fb1935805ef16c37802ed713db5b"
  integrity sha512-FKjVD6NYbGiQhwas3hA2uMpNchz+Mf3tv5qA8Ci9cAkKHGqt3jWjjUAK9juVBqeOcv4OPimQYMrkRX6SvaxBjg==

prisma@^2.17.0:
  version "2.17.0"
  resolved "https://registry.yarnpkg.com/prisma/-/prisma-2.17.0.tgz#686469914ed13d4b0926ee5f17efb7a9ab741e8a"
  integrity sha512-NypJI7OCXCfDkRKubbVb3nmPeRJ1SjQfg6QAwK06KsreBZl1F96rFz2iB2bl4kIrhLAbIySBjwUJlG87Jsxt7g==
  dependencies:
    "@prisma/engines" "2.17.0-35.3c463ebd78b1d21d8fdacdd27899e280cf686223"

typescript@^4.1.5:
  version "4.1.5"
  resolved "https://registry.yarnpkg.com/typescript/-/typescript-4.1.5.tgz#123a3b214aaff3be32926f0d8f1f6e704eb89a72"
  integrity sha512-6OSu9PTIzmn9TCDiovULTnET6BgXtDYL4Gg4szY+cGsc3JP1dQL8qvE8kShTRx1NIw4Q9IBHlwODjkjWEtMUyA==
